
Microsoft Visual Studio Solution File, Format Version 12.00
# Visual Studio Version 17
VisualStudioVersion = 17.13.35825.156
MinimumVisualStudioVersion = 10.0.40219.1
Project("{FAE04EC0-301F-11D3-BF4B-00C04F79EFBC}") = "MiAppMovil", "MiAppMovil\MiAppMovil.csproj", "{CAD5A597-E4F9-40B2-98AF-2D19EC1C2623}"
EndProject
Global
	GlobalSection(SolutionConfigurationPlatforms) = preSolution
		Debug|Any CPU = Debug|Any CPU
		Release|Any CPU = Release|Any CPU
	EndGlobalSection
	GlobalSection(ProjectConfigurationPlatforms) = postSolution
		{CAD5A597-E4F9-40B2-98AF-2D19EC1C2623}.Debug|Any CPU.ActiveCfg = Debug|Any CPU
		{CAD5A597-E4F9-40B2-98AF-2D19EC1C2623}.Debug|Any CPU.Build.0 = Debug|Any CPU
		{CAD5A597-E4F9-40B2-98AF-2D19EC1C2623}.Debug|Any CPU.Deploy.0 = Debug|Any CPU
		{CAD5A597-E4F9-40B2-98AF-2D19EC1C2623}.Release|Any CPU.ActiveCfg = Release|Any CPU
		{CAD5A597-E4F9-40B2-98AF-2D19EC1C2623}.Release|Any CPU.Build.0 = Release|Any CPU
		{CAD5A597-E4F9-40B2-98AF-2D19EC1C2623}.Release|Any CPU.Deploy.0 = Release|Any CPU
	EndGlobalSection
	GlobalSection(SolutionProperties) = preSolution
		HideSolutionNode = FALSE
	EndGlobalSection
	GlobalSection(ExtensibilityGlobals) = postSolution
		SolutionGuid = {E0669D4B-37EE-4A5C-915F-0A9826635067}
	EndGlobalSection
EndGlobal
